// !$*UTF8*$!
{
	archiveVersion = 1;
	classes = {
	};
	objectVersion = 56;
	objects = {

/* Begin PBXBuildFile section */
		3F0E76FF2CD25DF500438766 /* UltimatePortfolioUITests.swift in Sources */ = {isa = PBXBuildFile; fileRef = 3F0E76FE2CD25DF500438766 /* UltimatePortfolioUITests.swift */; };
		3F0E77012CD25DF500438766 /* UltimatePortfolioUITestsLaunchTests.swift in Sources */ = {isa = PBXBuildFile; fileRef = 3F0E77002CD25DF500438766 /* UltimatePortfolioUITestsLaunchTests.swift */; };
		3F1049EF2CE345BD00E963D1 /* DataController-StoreKit.swift in Sources */ = {isa = PBXBuildFile; fileRef = 3F1049EE2CE345BD00E963D1 /* DataController-StoreKit.swift */; };
		3F1156C12CCB6A26006CA7F9 /* Localizable.xcstrings in Resources */ = {isa = PBXBuildFile; fileRef = 3F1156C02CCB6A26006CA7F9 /* Localizable.xcstrings */; };
		3F4566862CD4AD610070A43B /* ContentViewModel.swift in Sources */ = {isa = PBXBuildFile; fileRef = 3F4566852CD4AD610070A43B /* ContentViewModel.swift */; };
		3F4566882CD4B1740070A43B /* IssueRowViewModel.swift in Sources */ = {isa = PBXBuildFile; fileRef = 3F4566872CD4B1740070A43B /* IssueRowViewModel.swift */; };
		3F458D482CCE187A008517EC /* IssueViewToolbar.swift in Sources */ = {isa = PBXBuildFile; fileRef = 3F458D472CCE187A008517EC /* IssueViewToolbar.swift */; };
		3F458D4A2CCE1A53008517EC /* ContentViewToolbar.swift in Sources */ = {isa = PBXBuildFile; fileRef = 3F458D492CCE1A53008517EC /* ContentViewToolbar.swift */; };
		3F458D4C2CCE1E62008517EC /* TagsMenuView.swift in Sources */ = {isa = PBXBuildFile; fileRef = 3F458D4B2CCE1E62008517EC /* TagsMenuView.swift */; };
		3F458D4E2CCE21E4008517EC /* SmartFilterRow.swift in Sources */ = {isa = PBXBuildFile; fileRef = 3F458D4D2CCE21E4008517EC /* SmartFilterRow.swift */; };
		3F458D502CCE23CE008517EC /* UserFilterRow.swift in Sources */ = {isa = PBXBuildFile; fileRef = 3F458D4F2CCE23CE008517EC /* UserFilterRow.swift */; };
		3F4EDC3D2CD1DBE0006B5BF6 /* UltimatePortfolioMeTests.swift in Sources */ = {isa = PBXBuildFile; fileRef = 3F4EDC3C2CD1DBE0006B5BF6 /* UltimatePortfolioMeTests.swift */; };
		3F4EDC442CD1DD58006B5BF6 /* AssetTests.swift in Sources */ = {isa = PBXBuildFile; fileRef = 3F4EDC432CD1DD58006B5BF6 /* AssetTests.swift */; };
		3F4EDC462CD1EBBE006B5BF6 /* TagTests.swift in Sources */ = {isa = PBXBuildFile; fileRef = 3F4EDC452CD1EBBE006B5BF6 /* TagTests.swift */; };
		3F4EDC482CD1ECAE006B5BF6 /* AwardTests.swift in Sources */ = {isa = PBXBuildFile; fileRef = 3F4EDC472CD1ECAE006B5BF6 /* AwardTests.swift */; };
		3F4EDC4A2CD2089D006B5BF6 /* DevelopmentTests.swift in Sources */ = {isa = PBXBuildFile; fileRef = 3F4EDC492CD2089D006B5BF6 /* DevelopmentTests.swift */; };
		3F4EDC4C2CD21235006B5BF6 /* ExtensionTests.swift in Sources */ = {isa = PBXBuildFile; fileRef = 3F4EDC4B2CD21235006B5BF6 /* ExtensionTests.swift */; };
		3F4EDC512CD22770006B5BF6 /* DecodableDictionary.json in Resources */ = {isa = PBXBuildFile; fileRef = 3F4EDC502CD22770006B5BF6 /* DecodableDictionary.json */; };
		3F4EDC532CD22797006B5BF6 /* DecodableString.json in Resources */ = {isa = PBXBuildFile; fileRef = 3F4EDC522CD22797006B5BF6 /* DecodableString.json */; };
		3F4EDC552CD23E1D006B5BF6 /* PerformanceTests.swift in Sources */ = {isa = PBXBuildFile; fileRef = 3F4EDC542CD23E1D006B5BF6 /* PerformanceTests.swift */; };
		3F51FECE2CBE472A0007DB02 /* IssueRow.swift in Sources */ = {isa = PBXBuildFile; fileRef = 3F51FECD2CBE472A0007DB02 /* IssueRow.swift */; };
		3F6BB0A02CB657ED004C7582 /* UltimatePortfolioMeApp.swift in Sources */ = {isa = PBXBuildFile; fileRef = 3F6BB09F2CB657ED004C7582 /* UltimatePortfolioMeApp.swift */; };
		3F6BB0A22CB657ED004C7582 /* ContentView.swift in Sources */ = {isa = PBXBuildFile; fileRef = 3F6BB0A12CB657ED004C7582 /* ContentView.swift */; };
		3F6BB0A42CB657EF004C7582 /* Assets.xcassets in Resources */ = {isa = PBXBuildFile; fileRef = 3F6BB0A32CB657EF004C7582 /* Assets.xcassets */; };
		3F6BB0A72CB657EF004C7582 /* Preview Assets.xcassets in Resources */ = {isa = PBXBuildFile; fileRef = 3F6BB0A62CB657EF004C7582 /* Preview Assets.xcassets */; };
		3F6BB0AF2CB65A0B004C7582 /* Main.xcdatamodeld in Sources */ = {isa = PBXBuildFile; fileRef = 3F6BB0AD2CB65A0B004C7582 /* Main.xcdatamodeld */; };
		3F6BB0B12CB660CA004C7582 /* DataControlle.swift in Sources */ = {isa = PBXBuildFile; fileRef = 3F6BB0B02CB660CA004C7582 /* DataControlle.swift */; };
		3F6BB0B42CB673CB004C7582 /* SidebarView.swift in Sources */ = {isa = PBXBuildFile; fileRef = 3F6BB0B32CB673CB004C7582 /* SidebarView.swift */; };
		3F6BB0B62CB67401004C7582 /* ContentViewMe.swift in Sources */ = {isa = PBXBuildFile; fileRef = 3F6BB0B52CB67401004C7582 /* ContentViewMe.swift */; };
		3F6BB0B82CB67449004C7582 /* DetailView.swift in Sources */ = {isa = PBXBuildFile; fileRef = 3F6BB0B72CB67449004C7582 /* DetailView.swift */; };
		3F6BB0BA2CB67850004C7582 /* Filter.swift in Sources */ = {isa = PBXBuildFile; fileRef = 3F6BB0B92CB67850004C7582 /* Filter.swift */; };
		3F70EF8D2CC64FFF00377DB4 /* Bundle-Decodable.swift in Sources */ = {isa = PBXBuildFile; fileRef = 3F70EF8C2CC64FFF00377DB4 /* Bundle-Decodable.swift */; };
		3F70EF8F2CC6668000377DB4 /* Awards.json in Resources */ = {isa = PBXBuildFile; fileRef = 3F70EF8E2CC6668000377DB4 /* Awards.json */; };
		3F70EF912CC666D800377DB4 /* Colors.xcassets in Resources */ = {isa = PBXBuildFile; fileRef = 3F70EF902CC666D800377DB4 /* Colors.xcassets */; };
		3F70EF932CC66C2300377DB4 /* Award.swift in Sources */ = {isa = PBXBuildFile; fileRef = 3F70EF922CC66C2300377DB4 /* Award.swift */; };
		3F70EF952CC6838000377DB4 /* AwardsView.swift in Sources */ = {isa = PBXBuildFile; fileRef = 3F70EF942CC6838000377DB4 /* AwardsView.swift */; };
		3F7E1F262CD3486600EA6249 /* SidebarViewModel.swift in Sources */ = {isa = PBXBuildFile; fileRef = 3F7E1F252CD3486600EA6249 /* SidebarViewModel.swift */; };
		3FC24BA32CEC43EB0085D849 /* ComplexPortfolioWidget.swift in Sources */ = {isa = PBXBuildFile; fileRef = 3FC24BA22CEC43EB0085D849 /* ComplexPortfolioWidget.swift */; };
		3FC9DBEE2CD9DFBD003C2D07 /* DataController-Notifications.swift in Sources */ = {isa = PBXBuildFile; fileRef = 3FC9DBED2CD9DFBD003C2D07 /* DataController-Notifications.swift */; };
		3FCA6E492CE711DE0007F8A6 /* AppDelegate.swift in Sources */ = {isa = PBXBuildFile; fileRef = 3FCA6E482CE711DE0007F8A6 /* AppDelegate.swift */; };
		3FCA6E4B2CE71DD90007F8A6 /* SceneDelegate.swift in Sources */ = {isa = PBXBuildFile; fileRef = 3FCA6E4A2CE71DD90007F8A6 /* SceneDelegate.swift */; };
		3FD61D0D2CCE03F2000EAB35 /* SidebarViewToolbar.swift in Sources */ = {isa = PBXBuildFile; fileRef = 3FD61D0C2CCE03F2000EAB35 /* SidebarViewToolbar.swift */; };
		3FEEFCBF2CEC37E4001BFF8A /* Localizable.xcstrings in Resources */ = {isa = PBXBuildFile; fileRef = 3F1156C02CCB6A26006CA7F9 /* Localizable.xcstrings */; };
		3FF1C2722CBD057500D86564 /* Issue-CoreDataHelpers.swift in Sources */ = {isa = PBXBuildFile; fileRef = 3FF1C2712CBD057500D86564 /* Issue-CoreDataHelpers.swift */; };
		3FF1C2742CBD0B2C00D86564 /* Tag-CoreDataHelpers.swift in Sources */ = {isa = PBXBuildFile; fileRef = 3FF1C2732CBD0B2C00D86564 /* Tag-CoreDataHelpers.swift */; };
		3FF5B0532CE4667F0007B604 /* StoreView.swift in Sources */ = {isa = PBXBuildFile; fileRef = 3FF5B0522CE4667F0007B604 /* StoreView.swift */; };
		3FFC3BA62CEAF579006B6D33 /* WidgetKit.framework in Frameworks */ = {isa = PBXBuildFile; fileRef = 3FFC3BA52CEAF578006B6D33 /* WidgetKit.framework */; };
		3FFC3BA82CEAF579006B6D33 /* SwiftUI.framework in Frameworks */ = {isa = PBXBuildFile; fileRef = 3FFC3BA72CEAF579006B6D33 /* SwiftUI.framework */; };
		3FFC3BAB2CEAF579006B6D33 /* PortfolioWidgetBundle.swift in Sources */ = {isa = PBXBuildFile; fileRef = 3FFC3BAA2CEAF579006B6D33 /* PortfolioWidgetBundle.swift */; };
		3FFC3BAD2CEAF579006B6D33 /* SimplePortfolioWidget.swift in Sources */ = {isa = PBXBuildFile; fileRef = 3FFC3BAC2CEAF579006B6D33 /* SimplePortfolioWidget.swift */; };
		3FFC3BAF2CEAF57A006B6D33 /* Assets.xcassets in Resources */ = {isa = PBXBuildFile; fileRef = 3FFC3BAE2CEAF57A006B6D33 /* Assets.xcassets */; };
		3FFC3BB32CEAF57A006B6D33 /* PortfolioWidgetExtension.appex in Embed Foundation Extensions */ = {isa = PBXBuildFile; fileRef = 3FFC3BA32CEAF578006B6D33 /* PortfolioWidgetExtension.appex */; settings = {ATTRIBUTES = (RemoveHeadersOnCopy, ); }; };
		3FFC3BB82CEAF82B006B6D33 /* Issue-CoreDataHelpers.swift in Sources */ = {isa = PBXBuildFile; fileRef = 3FF1C2712CBD057500D86564 /* Issue-CoreDataHelpers.swift */; };
		3FFC3BB92CEAF832006B6D33 /* Tag-CoreDataHelpers.swift in Sources */ = {isa = PBXBuildFile; fileRef = 3FF1C2732CBD0B2C00D86564 /* Tag-CoreDataHelpers.swift */; };
		3FFC3BBA2CEAF839006B6D33 /* Main.xcdatamodeld in Sources */ = {isa = PBXBuildFile; fileRef = 3F6BB0AD2CB65A0B004C7582 /* Main.xcdatamodeld */; };
		3FFC3BBB2CEAF850006B6D33 /* DataControlle.swift in Sources */ = {isa = PBXBuildFile; fileRef = 3F6BB0B02CB660CA004C7582 /* DataControlle.swift */; };
		3FFC3BBD2CEAFE28006B6D33 /* DataController-Awards.swift in Sources */ = {isa = PBXBuildFile; fileRef = 3FFC3BBC2CEAFE28006B6D33 /* DataController-Awards.swift */; };
		3FFC3BBE2CEAFEA4006B6D33 /* Filter.swift in Sources */ = {isa = PBXBuildFile; fileRef = 3F6BB0B92CB67850004C7582 /* Filter.swift */; };
		3FFC3BBF2CEAFED1006B6D33 /* DataController-StoreKit.swift in Sources */ = {isa = PBXBuildFile; fileRef = 3F1049EE2CE345BD00E963D1 /* DataController-StoreKit.swift */; };
		3FFDF5582CBF717D006E37DC /* IssueView.swift in Sources */ = {isa = PBXBuildFile; fileRef = 3FFDF5572CBF717D006E37DC /* IssueView.swift */; };
		3FFDF55A2CBF7191006E37DC /* NoIssueView.swift in Sources */ = {isa = PBXBuildFile; fileRef = 3FFDF5592CBF7191006E37DC /* NoIssueView.swift */; };
/* End PBXBuildFile section */

/* Begin PBXContainerItemProxy section */
		3F0E77022CD25DF500438766 /* PBXContainerItemProxy */ = {
			isa = PBXContainerItemProxy;
			containerPortal = 3F6BB0942CB657ED004C7582 /* Project object */;
			proxyType = 1;
			remoteGlobalIDString = 3F6BB09B2CB657ED004C7582;
			remoteInfo = UltimatePortfolioMe;
		};
		3F4EDC3E2CD1DBE0006B5BF6 /* PBXContainerItemProxy */ = {
			isa = PBXContainerItemProxy;
			containerPortal = 3F6BB0942CB657ED004C7582 /* Project object */;
			proxyType = 1;
			remoteGlobalIDString = 3F6BB09B2CB657ED004C7582;
			remoteInfo = UltimatePortfolioMe;
		};
		3FFC3BB12CEAF57A006B6D33 /* PBXContainerItemProxy */ = {
			isa = PBXContainerItemProxy;
			containerPortal = 3F6BB0942CB657ED004C7582 /* Project object */;
			proxyType = 1;
			remoteGlobalIDString = 3FFC3BA22CEAF578006B6D33;
			remoteInfo = PortfolioWidgetExtension;
		};
/* End PBXContainerItemProxy section */

/* Begin PBXCopyFilesBuildPhase section */
		3FFC3BB42CEAF57B006B6D33 /* Embed Foundation Extensions */ = {
			isa = PBXCopyFilesBuildPhase;
			buildActionMask = 2147483647;
			dstPath = "";
			dstSubfolderSpec = 13;
			files = (
				3FFC3BB32CEAF57A006B6D33 /* PortfolioWidgetExtension.appex in Embed Foundation Extensions */,
			);
			name = "Embed Foundation Extensions";
			runOnlyForDeploymentPostprocessing = 0;
		};
/* End PBXCopyFilesBuildPhase section */

/* Begin PBXFileReference section */
		3F0E76FC2CD25DF500438766 /* UltimatePortfolioUITests.xctest */ = {isa = PBXFileReference; explicitFileType = wrapper.cfbundle; includeInIndex = 0; path = UltimatePortfolioUITests.xctest; sourceTree = BUILT_PRODUCTS_DIR; };
		3F0E76FE2CD25DF500438766 /* UltimatePortfolioUITests.swift */ = {isa = PBXFileReference; lastKnownFileType = sourcecode.swift; path = UltimatePortfolioUITests.swift; sourceTree = "<group>"; };
		3F0E77002CD25DF500438766 /* UltimatePortfolioUITestsLaunchTests.swift */ = {isa = PBXFileReference; lastKnownFileType = sourcecode.swift; path = UltimatePortfolioUITestsLaunchTests.swift; sourceTree = "<group>"; };
		3F1049ED2CE316ED00E963D1 /* Configuration.storekit */ = {isa = PBXFileReference; lastKnownFileType = text; path = Configuration.storekit; sourceTree = "<group>"; };
		3F1049EE2CE345BD00E963D1 /* DataController-StoreKit.swift */ = {isa = PBXFileReference; lastKnownFileType = sourcecode.swift; path = "DataController-StoreKit.swift"; sourceTree = "<group>"; };
		3F1156C02CCB6A26006CA7F9 /* Localizable.xcstrings */ = {isa = PBXFileReference; lastKnownFileType = text.json.xcstrings; path = Localizable.xcstrings; sourceTree = "<group>"; };
		3F4566852CD4AD610070A43B /* ContentViewModel.swift */ = {isa = PBXFileReference; lastKnownFileType = sourcecode.swift; path = ContentViewModel.swift; sourceTree = "<group>"; };
		3F4566872CD4B1740070A43B /* IssueRowViewModel.swift */ = {isa = PBXFileReference; lastKnownFileType = sourcecode.swift; path = IssueRowViewModel.swift; sourceTree = "<group>"; };
		3F458D472CCE187A008517EC /* IssueViewToolbar.swift */ = {isa = PBXFileReference; lastKnownFileType = sourcecode.swift; path = IssueViewToolbar.swift; sourceTree = "<group>"; };
		3F458D492CCE1A53008517EC /* ContentViewToolbar.swift */ = {isa = PBXFileReference; lastKnownFileType = sourcecode.swift; path = ContentViewToolbar.swift; sourceTree = "<group>"; };
		3F458D4B2CCE1E62008517EC /* TagsMenuView.swift */ = {isa = PBXFileReference; lastKnownFileType = sourcecode.swift; path = TagsMenuView.swift; sourceTree = "<group>"; };
		3F458D4D2CCE21E4008517EC /* SmartFilterRow.swift */ = {isa = PBXFileReference; lastKnownFileType = sourcecode.swift; path = SmartFilterRow.swift; sourceTree = "<group>"; };
		3F458D4F2CCE23CE008517EC /* UserFilterRow.swift */ = {isa = PBXFileReference; lastKnownFileType = sourcecode.swift; path = UserFilterRow.swift; sourceTree = "<group>"; };
		3F4EDC3A2CD1DBE0006B5BF6 /* UltimatePortfolioMeTests.xctest */ = {isa = PBXFileReference; explicitFileType = wrapper.cfbundle; includeInIndex = 0; path = UltimatePortfolioMeTests.xctest; sourceTree = BUILT_PRODUCTS_DIR; };
		3F4EDC3C2CD1DBE0006B5BF6 /* UltimatePortfolioMeTests.swift */ = {isa = PBXFileReference; lastKnownFileType = sourcecode.swift; path = UltimatePortfolioMeTests.swift; sourceTree = "<group>"; };
		3F4EDC432CD1DD58006B5BF6 /* AssetTests.swift */ = {isa = PBXFileReference; lastKnownFileType = sourcecode.swift; path = AssetTests.swift; sourceTree = "<group>"; };
		3F4EDC452CD1EBBE006B5BF6 /* TagTests.swift */ = {isa = PBXFileReference; lastKnownFileType = sourcecode.swift; path = TagTests.swift; sourceTree = "<group>"; };
		3F4EDC472CD1ECAE006B5BF6 /* AwardTests.swift */ = {isa = PBXFileReference; lastKnownFileType = sourcecode.swift; path = AwardTests.swift; sourceTree = "<group>"; };
		3F4EDC492CD2089D006B5BF6 /* DevelopmentTests.swift */ = {isa = PBXFileReference; lastKnownFileType = sourcecode.swift; path = DevelopmentTests.swift; sourceTree = "<group>"; };
		3F4EDC4B2CD21235006B5BF6 /* ExtensionTests.swift */ = {isa = PBXFileReference; lastKnownFileType = sourcecode.swift; path = ExtensionTests.swift; sourceTree = "<group>"; };
		3F4EDC502CD22770006B5BF6 /* DecodableDictionary.json */ = {isa = PBXFileReference; lastKnownFileType = text.json; path = DecodableDictionary.json; sourceTree = "<group>"; };
		3F4EDC522CD22797006B5BF6 /* DecodableString.json */ = {isa = PBXFileReference; lastKnownFileType = text.json; path = DecodableString.json; sourceTree = "<group>"; };
		3F4EDC542CD23E1D006B5BF6 /* PerformanceTests.swift */ = {isa = PBXFileReference; lastKnownFileType = sourcecode.swift; path = PerformanceTests.swift; sourceTree = "<group>"; };
		3F51FECD2CBE472A0007DB02 /* IssueRow.swift */ = {isa = PBXFileReference; lastKnownFileType = sourcecode.swift; path = IssueRow.swift; sourceTree = "<group>"; };
		3F6BB09C2CB657ED004C7582 /* UltimatePortfolioMe.app */ = {isa = PBXFileReference; explicitFileType = wrapper.application; includeInIndex = 0; path = UltimatePortfolioMe.app; sourceTree = BUILT_PRODUCTS_DIR; };
		3F6BB09F2CB657ED004C7582 /* UltimatePortfolioMeApp.swift */ = {isa = PBXFileReference; lastKnownFileType = sourcecode.swift; path = UltimatePortfolioMeApp.swift; sourceTree = "<group>"; };
		3F6BB0A12CB657ED004C7582 /* ContentView.swift */ = {isa = PBXFileReference; lastKnownFileType = sourcecode.swift; path = ContentView.swift; sourceTree = "<group>"; };
		3F6BB0A32CB657EF004C7582 /* Assets.xcassets */ = {isa = PBXFileReference; lastKnownFileType = folder.assetcatalog; path = Assets.xcassets; sourceTree = "<group>"; };
		3F6BB0A62CB657EF004C7582 /* Preview Assets.xcassets */ = {isa = PBXFileReference; lastKnownFileType = folder.assetcatalog; path = "Preview Assets.xcassets"; sourceTree = "<group>"; };
		3F6BB0AE2CB65A0B004C7582 /* Main.xcdatamodel */ = {isa = PBXFileReference; lastKnownFileType = wrapper.xcdatamodel; path = Main.xcdatamodel; sourceTree = "<group>"; };
		3F6BB0B02CB660CA004C7582 /* DataControlle.swift */ = {isa = PBXFileReference; lastKnownFileType = sourcecode.swift; path = DataControlle.swift; sourceTree = "<group>"; };
		3F6BB0B22CB66246004C7582 /* Info.plist */ = {isa = PBXFileReference; lastKnownFileType = text.plist.xml; path = Info.plist; sourceTree = "<group>"; };
		3F6BB0B32CB673CB004C7582 /* SidebarView.swift */ = {isa = PBXFileReference; lastKnownFileType = sourcecode.swift; path = SidebarView.swift; sourceTree = "<group>"; };
		3F6BB0B52CB67401004C7582 /* ContentViewMe.swift */ = {isa = PBXFileReference; lastKnownFileType = sourcecode.swift; path = ContentViewMe.swift; sourceTree = "<group>"; };
		3F6BB0B72CB67449004C7582 /* DetailView.swift */ = {isa = PBXFileReference; lastKnownFileType = sourcecode.swift; path = DetailView.swift; sourceTree = "<group>"; };
		3F6BB0B92CB67850004C7582 /* Filter.swift */ = {isa = PBXFileReference; lastKnownFileType = sourcecode.swift; path = Filter.swift; sourceTree = "<group>"; };
		3F70EF8C2CC64FFF00377DB4 /* Bundle-Decodable.swift */ = {isa = PBXFileReference; lastKnownFileType = sourcecode.swift; path = "Bundle-Decodable.swift"; sourceTree = "<group>"; };
		3F70EF8E2CC6668000377DB4 /* Awards.json */ = {isa = PBXFileReference; fileEncoding = 4; lastKnownFileType = text.json; name = Awards.json; path = "../../portfolio-awards/Awards.json"; sourceTree = "<group>"; };
		3F70EF902CC666D800377DB4 /* Colors.xcassets */ = {isa = PBXFileReference; lastKnownFileType = folder.assetcatalog; name = Colors.xcassets; path = "../../portfolio-awards/Colors.xcassets"; sourceTree = "<group>"; };
		3F70EF922CC66C2300377DB4 /* Award.swift */ = {isa = PBXFileReference; lastKnownFileType = sourcecode.swift; path = Award.swift; sourceTree = "<group>"; };
		3F70EF942CC6838000377DB4 /* AwardsView.swift */ = {isa = PBXFileReference; lastKnownFileType = sourcecode.swift; path = AwardsView.swift; sourceTree = "<group>"; };
		3F7E1F252CD3486600EA6249 /* SidebarViewModel.swift */ = {isa = PBXFileReference; lastKnownFileType = sourcecode.swift; path = SidebarViewModel.swift; sourceTree = "<group>"; };
		3FC24BA22CEC43EB0085D849 /* ComplexPortfolioWidget.swift */ = {isa = PBXFileReference; lastKnownFileType = sourcecode.swift; path = ComplexPortfolioWidget.swift; sourceTree = "<group>"; };
		3FC9DBED2CD9DFBD003C2D07 /* DataController-Notifications.swift */ = {isa = PBXFileReference; lastKnownFileType = sourcecode.swift; path = "DataController-Notifications.swift"; sourceTree = "<group>"; };
		3FCA6E482CE711DE0007F8A6 /* AppDelegate.swift */ = {isa = PBXFileReference; lastKnownFileType = sourcecode.swift; path = AppDelegate.swift; sourceTree = "<group>"; };
		3FCA6E4A2CE71DD90007F8A6 /* SceneDelegate.swift */ = {isa = PBXFileReference; lastKnownFileType = sourcecode.swift; path = SceneDelegate.swift; sourceTree = "<group>"; };
		3FD61D0C2CCE03F2000EAB35 /* SidebarViewToolbar.swift */ = {isa = PBXFileReference; lastKnownFileType = sourcecode.swift; path = SidebarViewToolbar.swift; sourceTree = "<group>"; };
		3FDBF0A02CDA63A90050B6A6 /* UltimatePortfolioMe.entitlements */ = {isa = PBXFileReference; lastKnownFileType = text.plist.entitlements; path = UltimatePortfolioMe.entitlements; sourceTree = "<group>"; };
		3FF1C2712CBD057500D86564 /* Issue-CoreDataHelpers.swift */ = {isa = PBXFileReference; lastKnownFileType = sourcecode.swift; path = "Issue-CoreDataHelpers.swift"; sourceTree = "<group>"; };
		3FF1C2732CBD0B2C00D86564 /* Tag-CoreDataHelpers.swift */ = {isa = PBXFileReference; lastKnownFileType = sourcecode.swift; path = "Tag-CoreDataHelpers.swift"; sourceTree = "<group>"; };
		3FF5B0522CE4667F0007B604 /* StoreView.swift */ = {isa = PBXFileReference; lastKnownFileType = sourcecode.swift; path = StoreView.swift; sourceTree = "<group>"; };
		3FFC3BA32CEAF578006B6D33 /* PortfolioWidgetExtension.appex */ = {isa = PBXFileReference; explicitFileType = "wrapper.app-extension"; includeInIndex = 0; path = PortfolioWidgetExtension.appex; sourceTree = BUILT_PRODUCTS_DIR; };
		3FFC3BA52CEAF578006B6D33 /* WidgetKit.framework */ = {isa = PBXFileReference; lastKnownFileType = wrapper.framework; name = WidgetKit.framework; path = System/Library/Frameworks/WidgetKit.framework; sourceTree = SDKROOT; };
		3FFC3BA72CEAF579006B6D33 /* SwiftUI.framework */ = {isa = PBXFileReference; lastKnownFileType = wrapper.framework; name = SwiftUI.framework; path = System/Library/Frameworks/SwiftUI.framework; sourceTree = SDKROOT; };
		3FFC3BAA2CEAF579006B6D33 /* PortfolioWidgetBundle.swift */ = {isa = PBXFileReference; lastKnownFileType = sourcecode.swift; path = PortfolioWidgetBundle.swift; sourceTree = "<group>"; };
		3FFC3BAC2CEAF579006B6D33 /* SimplePortfolioWidget.swift */ = {isa = PBXFileReference; lastKnownFileType = sourcecode.swift; path = SimplePortfolioWidget.swift; sourceTree = "<group>"; };
		3FFC3BAE2CEAF57A006B6D33 /* Assets.xcassets */ = {isa = PBXFileReference; lastKnownFileType = folder.assetcatalog; path = Assets.xcassets; sourceTree = "<group>"; };
		3FFC3BB02CEAF57A006B6D33 /* Info.plist */ = {isa = PBXFileReference; lastKnownFileType = text.plist.xml; path = Info.plist; sourceTree = "<group>"; };
		3FFC3BBC2CEAFE28006B6D33 /* DataController-Awards.swift */ = {isa = PBXFileReference; lastKnownFileType = sourcecode.swift; path = "DataController-Awards.swift"; sourceTree = "<group>"; };
		3FFC3BC02CEB03D4006B6D33 /* PortfolioWidgetExtension.entitlements */ = {isa = PBXFileReference; lastKnownFileType = text.plist.entitlements; path = PortfolioWidgetExtension.entitlements; sourceTree = "<group>"; };
		3FFDF5572CBF717D006E37DC /* IssueView.swift */ = {isa = PBXFileReference; lastKnownFileType = sourcecode.swift; path = IssueView.swift; sourceTree = "<group>"; };
		3FFDF5592CBF7191006E37DC /* NoIssueView.swift */ = {isa = PBXFileReference; lastKnownFileType = sourcecode.swift; path = NoIssueView.swift; sourceTree = "<group>"; };
/* End PBXFileReference section */

/* Begin PBXFrameworksBuildPhase section */
		3F0E76F92CD25DF500438766 /* Frameworks */ = {
			isa = PBXFrameworksBuildPhase;
			buildActionMask = 2147483647;
			files = (
			);
			runOnlyForDeploymentPostprocessing = 0;
		};
		3F4EDC372CD1DBE0006B5BF6 /* Frameworks */ = {
			isa = PBXFrameworksBuildPhase;
			buildActionMask = 2147483647;
			files = (
			);
			runOnlyForDeploymentPostprocessing = 0;
		};
		3F6BB0992CB657ED004C7582 /* Frameworks */ = {
			isa = PBXFrameworksBuildPhase;
			buildActionMask = 2147483647;
			files = (
			);
			runOnlyForDeploymentPostprocessing = 0;
		};
		3FFC3BA02CEAF578006B6D33 /* Frameworks */ = {
			isa = PBXFrameworksBuildPhase;
			buildActionMask = 2147483647;
			files = (
				3FFC3BA82CEAF579006B6D33 /* SwiftUI.framework in Frameworks */,
				3FFC3BA62CEAF579006B6D33 /* WidgetKit.framework in Frameworks */,
			);
			runOnlyForDeploymentPostprocessing = 0;
		};
/* End PBXFrameworksBuildPhase section */

/* Begin PBXGroup section */
		3F0AFA352CD0861C00581931 /* Filters */ = {
			isa = PBXGroup;
			children = (
				3F6BB0B92CB67850004C7582 /* Filter.swift */,
				3F6BB0B32CB673CB004C7582 /* SidebarView.swift */,
				3FD61D0C2CCE03F2000EAB35 /* SidebarViewToolbar.swift */,
				3F458D4D2CCE21E4008517EC /* SmartFilterRow.swift */,
				3F458D4F2CCE23CE008517EC /* UserFilterRow.swift */,
				3F7E1F252CD3486600EA6249 /* SidebarViewModel.swift */,
			);
			path = Filters;
			sourceTree = "<group>";
		};
		3F0AFA372CD0864200581931 /* Issues */ = {
			isa = PBXGroup;
			children = (
				3F6BB0B52CB67401004C7582 /* ContentViewMe.swift */,
				3F458D492CCE1A53008517EC /* ContentViewToolbar.swift */,
				3F51FECD2CBE472A0007DB02 /* IssueRow.swift */,
				3F4566852CD4AD610070A43B /* ContentViewModel.swift */,
				3F4566872CD4B1740070A43B /* IssueRowViewModel.swift */,
			);
			path = Issues;
			sourceTree = "<group>";
		};
		3F0AFA382CD0865200581931 /* Editing */ = {
			isa = PBXGroup;
			children = (
				3F6BB0B72CB67449004C7582 /* DetailView.swift */,
				3FFDF5572CBF717D006E37DC /* IssueView.swift */,
				3F458D472CCE187A008517EC /* IssueViewToolbar.swift */,
				3FFDF5592CBF7191006E37DC /* NoIssueView.swift */,
				3F458D4B2CCE1E62008517EC /* TagsMenuView.swift */,
			);
			path = Editing;
			sourceTree = "<group>";
		};
		3F0AFA392CD0866300581931 /* Awards */ = {
			isa = PBXGroup;
			children = (
				3F70EF942CC6838000377DB4 /* AwardsView.swift */,
				3F70EF922CC66C2300377DB4 /* Award.swift */,
			);
			path = Awards;
			sourceTree = "<group>";
		};
		3F0AFA3A2CD086EC00581931 /* Extensions */ = {
			isa = PBXGroup;
			children = (
				3F70EF8C2CC64FFF00377DB4 /* Bundle-Decodable.swift */,
				3FF1C2712CBD057500D86564 /* Issue-CoreDataHelpers.swift */,
				3FF1C2732CBD0B2C00D86564 /* Tag-CoreDataHelpers.swift */,
			);
			path = Extensions;
			sourceTree = "<group>";
		};
		3F0AFA3B2CD086F900581931 /* Localization */ = {
			isa = PBXGroup;
			children = (
				3F1156C02CCB6A26006CA7F9 /* Localizable.xcstrings */,
			);
			path = Localization;
			sourceTree = "<group>";
		};
		3F0AFA3D2CD0872300581931 /* Configuration */ = {
			isa = PBXGroup;
			children = (
				3F6BB0AD2CB65A0B004C7582 /* Main.xcdatamodeld */,
				3F1049ED2CE316ED00E963D1 /* Configuration.storekit */,
			);
			path = Configuration;
			sourceTree = "<group>";
		};
		3F0E76FD2CD25DF500438766 /* UltimatePortfolioUITests */ = {
			isa = PBXGroup;
			children = (
				3F0E76FE2CD25DF500438766 /* UltimatePortfolioUITests.swift */,
				3F0E77002CD25DF500438766 /* UltimatePortfolioUITestsLaunchTests.swift */,
			);
			path = UltimatePortfolioUITests;
			sourceTree = "<group>";
		};
		3F17F6452CE462D600412BCE /* Store */ = {
			isa = PBXGroup;
			children = (
				3FF5B0522CE4667F0007B604 /* StoreView.swift */,
			);
			path = Store;
			sourceTree = "<group>";
		};
		3F4EDC3B2CD1DBE0006B5BF6 /* UltimatePortfolioMeTests */ = {
			isa = PBXGroup;
			children = (
				3F4EDC4D2CD21B05006B5BF6 /* Fixtures */,
				3F4EDC3C2CD1DBE0006B5BF6 /* UltimatePortfolioMeTests.swift */,
				3F4EDC432CD1DD58006B5BF6 /* AssetTests.swift */,
				3F4EDC452CD1EBBE006B5BF6 /* TagTests.swift */,
				3F4EDC472CD1ECAE006B5BF6 /* AwardTests.swift */,
				3F4EDC492CD2089D006B5BF6 /* DevelopmentTests.swift */,
				3F4EDC4B2CD21235006B5BF6 /* ExtensionTests.swift */,
				3F4EDC542CD23E1D006B5BF6 /* PerformanceTests.swift */,
			);
			path = UltimatePortfolioMeTests;
			sourceTree = "<group>";
		};
		3F4EDC4D2CD21B05006B5BF6 /* Fixtures */ = {
			isa = PBXGroup;
			children = (
				3F4EDC502CD22770006B5BF6 /* DecodableDictionary.json */,
				3F4EDC522CD22797006B5BF6 /* DecodableString.json */,
			);
			path = Fixtures;
			sourceTree = "<group>";
		};
		3F6BB0932CB657ED004C7582 = {
			isa = PBXGroup;
			children = (
				3FFC3BC02CEB03D4006B6D33 /* PortfolioWidgetExtension.entitlements */,
				3F6BB09E2CB657ED004C7582 /* UltimatePortfolioMe */,
				3F4EDC3B2CD1DBE0006B5BF6 /* UltimatePortfolioMeTests */,
				3F0E76FD2CD25DF500438766 /* UltimatePortfolioUITests */,
				3FFC3BA92CEAF579006B6D33 /* PortfolioWidget */,
				3FFC3BA42CEAF578006B6D33 /* Frameworks */,
				3F6BB09D2CB657ED004C7582 /* Products */,
			);
			sourceTree = "<group>";
		};
		3F6BB09D2CB657ED004C7582 /* Products */ = {
			isa = PBXGroup;
			children = (
				3F6BB09C2CB657ED004C7582 /* UltimatePortfolioMe.app */,
				3F4EDC3A2CD1DBE0006B5BF6 /* UltimatePortfolioMeTests.xctest */,
				3F0E76FC2CD25DF500438766 /* UltimatePortfolioUITests.xctest */,
				3FFC3BA32CEAF578006B6D33 /* PortfolioWidgetExtension.appex */,
			);
			name = Products;
			sourceTree = "<group>";
		};
		3F6BB09E2CB657ED004C7582 /* UltimatePortfolioMe */ = {
			isa = PBXGroup;
			children = (
				3F17F6452CE462D600412BCE /* Store */,
				3F0AFA372CD0864200581931 /* Issues */,
				3F0AFA352CD0861C00581931 /* Filters */,
				3F0AFA382CD0865200581931 /* Editing */,
				3F0AFA392CD0866300581931 /* Awards */,
				3F0AFA3A2CD086EC00581931 /* Extensions */,
				3F0AFA3B2CD086F900581931 /* Localization */,
				3F0AFA3D2CD0872300581931 /* Configuration */,
				3F6BB0B22CB66246004C7582 /* Info.plist */,
				3FDBF0A02CDA63A90050B6A6 /* UltimatePortfolioMe.entitlements */,
				3F6BB09F2CB657ED004C7582 /* UltimatePortfolioMeApp.swift */,
				3FCA6E482CE711DE0007F8A6 /* AppDelegate.swift */,
				3FCA6E4A2CE71DD90007F8A6 /* SceneDelegate.swift */,
				3F6BB0B02CB660CA004C7582 /* DataControlle.swift */,
				3FFC3BBC2CEAFE28006B6D33 /* DataController-Awards.swift */,
				3FC9DBED2CD9DFBD003C2D07 /* DataController-Notifications.swift */,
				3F1049EE2CE345BD00E963D1 /* DataController-StoreKit.swift */,
				3F6BB0A12CB657ED004C7582 /* ContentView.swift */,
				3F70EF8E2CC6668000377DB4 /* Awards.json */,
				3F6BB0A32CB657EF004C7582 /* Assets.xcassets */,
				3F70EF902CC666D800377DB4 /* Colors.xcassets */,
				3F6BB0A52CB657EF004C7582 /* Preview Content */,
			);
			path = UltimatePortfolioMe;
			sourceTree = "<group>";
		};
		3F6BB0A52CB657EF004C7582 /* Preview Content */ = {
			isa = PBXGroup;
			children = (
				3F6BB0A62CB657EF004C7582 /* Preview Assets.xcassets */,
			);
			path = "Preview Content";
			sourceTree = "<group>";
		};
		3FFC3BA42CEAF578006B6D33 /* Frameworks */ = {
			isa = PBXGroup;
			children = (
				3FFC3BA52CEAF578006B6D33 /* WidgetKit.framework */,
				3FFC3BA72CEAF579006B6D33 /* SwiftUI.framework */,
			);
			name = Frameworks;
			sourceTree = "<group>";
		};
		3FFC3BA92CEAF579006B6D33 /* PortfolioWidget */ = {
			isa = PBXGroup;
			children = (
				3FFC3BAA2CEAF579006B6D33 /* PortfolioWidgetBundle.swift */,
				3FFC3BAC2CEAF579006B6D33 /* SimplePortfolioWidget.swift */,
				3FC24BA22CEC43EB0085D849 /* ComplexPortfolioWidget.swift */,
				3FFC3BAE2CEAF57A006B6D33 /* Assets.xcassets */,
				3FFC3BB02CEAF57A006B6D33 /* Info.plist */,
			);
			path = PortfolioWidget;
			sourceTree = "<group>";
		};
/* End PBXGroup section */

/* Begin PBXNativeTarget section */
		3F0E76FB2CD25DF500438766 /* UltimatePortfolioUITests */ = {
			isa = PBXNativeTarget;
			buildConfigurationList = 3F0E77062CD25DF500438766 /* Build configuration list for PBXNativeTarget "UltimatePortfolioUITests" */;
			buildPhases = (
				3F0E76F82CD25DF500438766 /* Sources */,
				3F0E76F92CD25DF500438766 /* Frameworks */,
				3F0E76FA2CD25DF500438766 /* Resources */,
			);
			buildRules = (
			);
			dependencies = (
				3F0E77032CD25DF500438766 /* PBXTargetDependency */,
			);
			name = UltimatePortfolioUITests;
			productName = UltimatePortfolioUITests;
			productReference = 3F0E76FC2CD25DF500438766 /* UltimatePortfolioUITests.xctest */;
			productType = "com.apple.product-type.bundle.ui-testing";
		};
		3F4EDC392CD1DBE0006B5BF6 /* UltimatePortfolioMeTests */ = {
			isa = PBXNativeTarget;
			buildConfigurationList = 3F4EDC422CD1DBE0006B5BF6 /* Build configuration list for PBXNativeTarget "UltimatePortfolioMeTests" */;
			buildPhases = (
				3F4EDC362CD1DBE0006B5BF6 /* Sources */,
				3F4EDC372CD1DBE0006B5BF6 /* Frameworks */,
				3F4EDC382CD1DBE0006B5BF6 /* Resources */,
			);
			buildRules = (
			);
			dependencies = (
				3F4EDC3F2CD1DBE0006B5BF6 /* PBXTargetDependency */,
			);
			name = UltimatePortfolioMeTests;
			productName = UltimatePortfolioMeTests;
			productReference = 3F4EDC3A2CD1DBE0006B5BF6 /* UltimatePortfolioMeTests.xctest */;
			productType = "com.apple.product-type.bundle.unit-test";
		};
		3F6BB09B2CB657ED004C7582 /* UltimatePortfolioMe */ = {
			isa = PBXNativeTarget;
			buildConfigurationList = 3F6BB0AA2CB657EF004C7582 /* Build configuration list for PBXNativeTarget "UltimatePortfolioMe" */;
			buildPhases = (
				3F6BB0982CB657ED004C7582 /* Sources */,
				3F6BB0992CB657ED004C7582 /* Frameworks */,
				3F6BB09A2CB657ED004C7582 /* Resources */,
				3FFC3BB42CEAF57B006B6D33 /* Embed Foundation Extensions */,
			);
			buildRules = (
			);
			dependencies = (
				3FFC3BB22CEAF57A006B6D33 /* PBXTargetDependency */,
			);
			name = UltimatePortfolioMe;
			productName = UltimatePortfolioMe;
			productReference = 3F6BB09C2CB657ED004C7582 /* UltimatePortfolioMe.app */;
			productType = "com.apple.product-type.application";
		};
		3FFC3BA22CEAF578006B6D33 /* PortfolioWidgetExtension */ = {
			isa = PBXNativeTarget;
			buildConfigurationList = 3FFC3BB72CEAF57B006B6D33 /* Build configuration list for PBXNativeTarget "PortfolioWidgetExtension" */;
			buildPhases = (
				3FFC3B9F2CEAF578006B6D33 /* Sources */,
				3FFC3BA02CEAF578006B6D33 /* Frameworks */,
				3FFC3BA12CEAF578006B6D33 /* Resources */,
			);
			buildRules = (
			);
			dependencies = (
			);
			name = PortfolioWidgetExtension;
			productName = PortfolioWidgetExtension;
			productReference = 3FFC3BA32CEAF578006B6D33 /* PortfolioWidgetExtension.appex */;
			productType = "com.apple.product-type.app-extension";
		};
/* End PBXNativeTarget section */

/* Begin PBXProject section */
		3F6BB0942CB657ED004C7582 /* Project object */ = {
			isa = PBXProject;
			attributes = {
				BuildIndependentTargetsInParallel = 1;
				LastSwiftUpdateCheck = 1520;
				LastUpgradeCheck = 1520;
				TargetAttributes = {
					3F0E76FB2CD25DF500438766 = {
						CreatedOnToolsVersion = 15.2;
						TestTargetID = 3F6BB09B2CB657ED004C7582;
					};
					3F4EDC392CD1DBE0006B5BF6 = {
						CreatedOnToolsVersion = 15.2;
						TestTargetID = 3F6BB09B2CB657ED004C7582;
					};
					3F6BB09B2CB657ED004C7582 = {
						CreatedOnToolsVersion = 15.2;
					};
					3FFC3BA22CEAF578006B6D33 = {
						CreatedOnToolsVersion = 15.2;
					};
				};
			};
			buildConfigurationList = 3F6BB0972CB657ED004C7582 /* Build configuration list for PBXProject "UltimatePortfolioMe" */;
			compatibilityVersion = "Xcode 14.0";
			developmentRegion = en;
			hasScannedForEncodings = 0;
			knownRegions = (
				en,
				Base,
				"zh-Hans",
			);
			mainGroup = 3F6BB0932CB657ED004C7582;
			productRefGroup = 3F6BB09D2CB657ED004C7582 /* Products */;
			projectDirPath = "";
			projectRoot = "";
			targets = (
				3F6BB09B2CB657ED004C7582 /* UltimatePortfolioMe */,
				3F4EDC392CD1DBE0006B5BF6 /* UltimatePortfolioMeTests */,
				3F0E76FB2CD25DF500438766 /* UltimatePortfolioUITests */,
				3FFC3BA22CEAF578006B6D33 /* PortfolioWidgetExtension */,
			);
		};
/* End PBXProject section */

/* Begin PBXResourcesBuildPhase section */
		3F0E76FA2CD25DF500438766 /* Resources */ = {
			isa = PBXResourcesBuildPhase;
			buildActionMask = 2147483647;
			files = (
			);
			runOnlyForDeploymentPostprocessing = 0;
		};
		3F4EDC382CD1DBE0006B5BF6 /* Resources */ = {
			isa = PBXResourcesBuildPhase;
			buildActionMask = 2147483647;
			files = (
				3F4EDC532CD22797006B5BF6 /* DecodableString.json in Resources */,
				3F4EDC512CD22770006B5BF6 /* DecodableDictionary.json in Resources */,
			);
			runOnlyForDeploymentPostprocessing = 0;
		};
		3F6BB09A2CB657ED004C7582 /* Resources */ = {
			isa = PBXResourcesBuildPhase;
			buildActionMask = 2147483647;
			files = (
				3F6BB0A72CB657EF004C7582 /* Preview Assets.xcassets in Resources */,
				3F1156C12CCB6A26006CA7F9 /* Localizable.xcstrings in Resources */,
				3F70EF912CC666D800377DB4 /* Colors.xcassets in Resources */,
				3F70EF8F2CC6668000377DB4 /* Awards.json in Resources */,
				3F6BB0A42CB657EF004C7582 /* Assets.xcassets in Resources */,
			);
			runOnlyForDeploymentPostprocessing = 0;
		};
		3FFC3BA12CEAF578006B6D33 /* Resources */ = {
			isa = PBXResourcesBuildPhase;
			buildActionMask = 2147483647;
			files = (
				3FEEFCBF2CEC37E4001BFF8A /* Localizable.xcstrings in Resources */,
				3FFC3BAF2CEAF57A006B6D33 /* Assets.xcassets in Resources */,
			);
			runOnlyForDeploymentPostprocessing = 0;
		};
/* End PBXResourcesBuildPhase section */

/* Begin PBXSourcesBuildPhase section */
		3F0E76F82CD25DF500438766 /* Sources */ = {
			isa = PBXSourcesBuildPhase;
			buildActionMask = 2147483647;
			files = (
				3F0E77012CD25DF500438766 /* UltimatePortfolioUITestsLaunchTests.swift in Sources */,
				3F0E76FF2CD25DF500438766 /* UltimatePortfolioUITests.swift in Sources */,
			);
			runOnlyForDeploymentPostprocessing = 0;
		};
		3F4EDC362CD1DBE0006B5BF6 /* Sources */ = {
			isa = PBXSourcesBuildPhase;
			buildActionMask = 2147483647;
			files = (
				3F4EDC552CD23E1D006B5BF6 /* PerformanceTests.swift in Sources */,
				3F4EDC442CD1DD58006B5BF6 /* AssetTests.swift in Sources */,
				3F4EDC482CD1ECAE006B5BF6 /* AwardTests.swift in Sources */,
				3F4EDC462CD1EBBE006B5BF6 /* TagTests.swift in Sources */,
				3F4EDC4C2CD21235006B5BF6 /* ExtensionTests.swift in Sources */,
				3F4EDC3D2CD1DBE0006B5BF6 /* UltimatePortfolioMeTests.swift in Sources */,
				3F4EDC4A2CD2089D006B5BF6 /* DevelopmentTests.swift in Sources */,
			);
			runOnlyForDeploymentPostprocessing = 0;
		};
		3F6BB0982CB657ED004C7582 /* Sources */ = {
			isa = PBXSourcesBuildPhase;
			buildActionMask = 2147483647;
			files = (
				3F458D4A2CCE1A53008517EC /* ContentViewToolbar.swift in Sources */,
				3FF1C2742CBD0B2C00D86564 /* Tag-CoreDataHelpers.swift in Sources */,
				3FD61D0D2CCE03F2000EAB35 /* SidebarViewToolbar.swift in Sources */,
				3FF1C2722CBD057500D86564 /* Issue-CoreDataHelpers.swift in Sources */,
				3FCA6E492CE711DE0007F8A6 /* AppDelegate.swift in Sources */,
				3FCA6E4B2CE71DD90007F8A6 /* SceneDelegate.swift in Sources */,
				3F70EF8D2CC64FFF00377DB4 /* Bundle-Decodable.swift in Sources */,
				3F51FECE2CBE472A0007DB02 /* IssueRow.swift in Sources */,
				3FFC3BBD2CEAFE28006B6D33 /* DataController-Awards.swift in Sources */,
				3F6BB0AF2CB65A0B004C7582 /* Main.xcdatamodeld in Sources */,
				3F458D4C2CCE1E62008517EC /* TagsMenuView.swift in Sources */,
				3F4566862CD4AD610070A43B /* ContentViewModel.swift in Sources */,
				3F7E1F262CD3486600EA6249 /* SidebarViewModel.swift in Sources */,
				3F70EF932CC66C2300377DB4 /* Award.swift in Sources */,
				3F70EF952CC6838000377DB4 /* AwardsView.swift in Sources */,
				3FC9DBEE2CD9DFBD003C2D07 /* DataController-Notifications.swift in Sources */,
				3F6BB0A22CB657ED004C7582 /* ContentView.swift in Sources */,
				3FFDF5582CBF717D006E37DC /* IssueView.swift in Sources */,
				3F458D4E2CCE21E4008517EC /* SmartFilterRow.swift in Sources */,
				3F6BB0B42CB673CB004C7582 /* SidebarView.swift in Sources */,
				3F6BB0B82CB67449004C7582 /* DetailView.swift in Sources */,
				3F458D502CCE23CE008517EC /* UserFilterRow.swift in Sources */,
				3F6BB0B12CB660CA004C7582 /* DataControlle.swift in Sources */,
				3F6BB0BA2CB67850004C7582 /* Filter.swift in Sources */,
				3F1049EF2CE345BD00E963D1 /* DataController-StoreKit.swift in Sources */,
				3FFDF55A2CBF7191006E37DC /* NoIssueView.swift in Sources */,
				3F6BB0B62CB67401004C7582 /* ContentViewMe.swift in Sources */,
				3F6BB0A02CB657ED004C7582 /* UltimatePortfolioMeApp.swift in Sources */,
				3F458D482CCE187A008517EC /* IssueViewToolbar.swift in Sources */,
				3FF5B0532CE4667F0007B604 /* StoreView.swift in Sources */,
				3F4566882CD4B1740070A43B /* IssueRowViewModel.swift in Sources */,
			);
			runOnlyForDeploymentPostprocessing = 0;
		};
		3FFC3B9F2CEAF578006B6D33 /* Sources */ = {
			isa = PBXSourcesBuildPhase;
			buildActionMask = 2147483647;
			files = (
				3FFC3BBF2CEAFED1006B6D33 /* DataController-StoreKit.swift in Sources */,
				3FFC3BBE2CEAFEA4006B6D33 /* Filter.swift in Sources */,
				3FFC3BBB2CEAF850006B6D33 /* DataControlle.swift in Sources */,
				3FFC3BAD2CEAF579006B6D33 /* SimplePortfolioWidget.swift in Sources */,
				3FFC3BB82CEAF82B006B6D33 /* Issue-CoreDataHelpers.swift in Sources */,
				3FFC3BAB2CEAF579006B6D33 /* PortfolioWidgetBundle.swift in Sources */,
				3FFC3BB92CEAF832006B6D33 /* Tag-CoreDataHelpers.swift in Sources */,
				3FFC3BBA2CEAF839006B6D33 /* Main.xcdatamodeld in Sources */,
				3FC24BA32CEC43EB0085D849 /* ComplexPortfolioWidget.swift in Sources */,
			);
			runOnlyForDeploymentPostprocessing = 0;
		};
/* End PBXSourcesBuildPhase section */

/* Begin PBXTargetDependency section */
		3F0E77032CD25DF500438766 /* PBXTargetDependency */ = {
			isa = PBXTargetDependency;
			target = 3F6BB09B2CB657ED004C7582 /* UltimatePortfolioMe */;
			targetProxy = 3F0E77022CD25DF500438766 /* PBXContainerItemProxy */;
		};
		3F4EDC3F2CD1DBE0006B5BF6 /* PBXTargetDependency */ = {
			isa = PBXTargetDependency;
			target = 3F6BB09B2CB657ED004C7582 /* UltimatePortfolioMe */;
			targetProxy = 3F4EDC3E2CD1DBE0006B5BF6 /* PBXContainerItemProxy */;
		};
		3FFC3BB22CEAF57A006B6D33 /* PBXTargetDependency */ = {
			isa = PBXTargetDependency;
			target = 3FFC3BA22CEAF578006B6D33 /* PortfolioWidgetExtension */;
			targetProxy = 3FFC3BB12CEAF57A006B6D33 /* PBXContainerItemProxy */;
		};
/* End PBXTargetDependency section */

/* Begin XCBuildConfiguration section */
		3F0E77042CD25DF500438766 /* Debug */ = {
			isa = XCBuildConfiguration;
			buildSettings = {
				CODE_SIGN_STYLE = Automatic;
				CURRENT_PROJECT_VERSION = 1;
				DEVELOPMENT_TEAM = J2MPB2SU84;
				GENERATE_INFOPLIST_FILE = YES;
				MARKETING_VERSION = 1.0;
				PRODUCT_BUNDLE_IDENTIFIER = com.bjwuxiaojun.UltimatePortfolioUITests;
				PRODUCT_NAME = "$(TARGET_NAME)";
				SWIFT_EMIT_LOC_STRINGS = NO;
				SWIFT_VERSION = 5.0;
				TARGETED_DEVICE_FAMILY = "1,2";
				TEST_TARGET_NAME = UltimatePortfolioMe;
			};
			name = Debug;
		};
		3F0E77052CD25DF500438766 /* Release */ = {
			isa = XCBuildConfiguration;
			buildSettings = {
				CODE_SIGN_STYLE = Automatic;
				CURRENT_PROJECT_VERSION = 1;
				DEVELOPMENT_TEAM = J2MPB2SU84;
				GENERATE_INFOPLIST_FILE = YES;
				MARKETING_VERSION = 1.0;
				PRODUCT_BUNDLE_IDENTIFIER = com.bjwuxiaojun.UltimatePortfolioUITests;
				PRODUCT_NAME = "$(TARGET_NAME)";
				SWIFT_EMIT_LOC_STRINGS = NO;
				SWIFT_VERSION = 5.0;
				TARGETED_DEVICE_FAMILY = "1,2";
				TEST_TARGET_NAME = UltimatePortfolioMe;
			};
			name = Release;
		};
		3F4EDC402CD1DBE0006B5BF6 /* Debug */ = {
			isa = XCBuildConfiguration;
			buildSettings = {
				BUNDLE_LOADER = "$(TEST_HOST)";
				CODE_SIGN_STYLE = Automatic;
				CURRENT_PROJECT_VERSION = 1;
				DEVELOPMENT_TEAM = J2MPB2SU84;
				GENERATE_INFOPLIST_FILE = YES;
				MARKETING_VERSION = 1.0;
				PRODUCT_BUNDLE_IDENTIFIER = com.bjwuxiaojun.UltimatePortfolioMeTests;
				PRODUCT_NAME = "$(TARGET_NAME)";
				SWIFT_EMIT_LOC_STRINGS = NO;
				SWIFT_VERSION = 5.0;
				TARGETED_DEVICE_FAMILY = "1,2";
				TEST_HOST = "$(BUILT_PRODUCTS_DIR)/UltimatePortfolioMe.app/$(BUNDLE_EXECUTABLE_FOLDER_PATH)/UltimatePortfolioMe";
			};
			name = Debug;
		};
		3F4EDC412CD1DBE0006B5BF6 /* Release */ = {
			isa = XCBuildConfiguration;
			buildSettings = {
				BUNDLE_LOADER = "$(TEST_HOST)";
				CODE_SIGN_STYLE = Automatic;
				CURRENT_PROJECT_VERSION = 1;
				DEVELOPMENT_TEAM = J2MPB2SU84;
				GENERATE_INFOPLIST_FILE = YES;
				MARKETING_VERSION = 1.0;
				PRODUCT_BUNDLE_IDENTIFIER = com.bjwuxiaojun.UltimatePortfolioMeTests;
				PRODUCT_NAME = "$(TARGET_NAME)";
				SWIFT_EMIT_LOC_STRINGS = NO;
				SWIFT_VERSION = 5.0;
				TARGETED_DEVICE_FAMILY = "1,2";
				TEST_HOST = "$(BUILT_PRODUCTS_DIR)/UltimatePortfolioMe.app/$(BUNDLE_EXECUTABLE_FOLDER_PATH)/UltimatePortfolioMe";
			};
			name = Release;
		};
		3F6BB0A82CB657EF004C7582 /* Debug */ = {
			isa = XCBuildConfiguration;
			buildSettings = {
				ALWAYS_SEARCH_USER_PATHS = NO;
				ASSETCATALOG_COMPILER_GENERATE_SWIFT_ASSET_SYMBOL_EXTENSIONS = YES;
				CLANG_ANALYZER_NONNULL = YES;
				CLANG_ANALYZER_NUMBER_OBJECT_CONVERSION = YES_AGGRESSIVE;
				CLANG_CXX_LANGUAGE_STANDARD = "gnu++20";
				CLANG_ENABLE_MODULES = YES;
				CLANG_ENABLE_OBJC_ARC = YES;
				CLANG_ENABLE_OBJC_WEAK = YES;
				CLANG_WARN_BLOCK_CAPTURE_AUTORELEASING = YES;
				CLANG_WARN_BOOL_CONVERSION = YES;
				CLANG_WARN_COMMA = YES;
				CLANG_WARN_CONSTANT_CONVERSION = YES;
				CLANG_WARN_DEPRECATED_OBJC_IMPLEMENTATIONS = YES;
				CLANG_WARN_DIRECT_OBJC_ISA_USAGE = YES_ERROR;
				CLANG_WARN_DOCUMENTATION_COMMENTS = YES;
				CLANG_WARN_EMPTY_BODY = YES;
				CLANG_WARN_ENUM_CONVERSION = YES;
				CLANG_WARN_INFINITE_RECURSION = YES;
				CLANG_WARN_INT_CONVERSION = YES;
				CLANG_WARN_NON_LITERAL_NULL_CONVERSION = YES;
				CLANG_WARN_OBJC_IMPLICIT_RETAIN_SELF = YES;
				CLANG_WARN_OBJC_LITERAL_CONVERSION = YES;
				CLANG_WARN_OBJC_ROOT_CLASS = YES_ERROR;
				CLANG_WARN_QUOTED_INCLUDE_IN_FRAMEWORK_HEADER = YES;
				CLANG_WARN_RANGE_LOOP_ANALYSIS = YES;
				CLANG_WARN_STRICT_PROTOTYPES = YES;
				CLANG_WARN_SUSPICIOUS_MOVE = YES;
				CLANG_WARN_UNGUARDED_AVAILABILITY = YES_AGGRESSIVE;
				CLANG_WARN_UNREACHABLE_CODE = YES;
				CLANG_WARN__DUPLICATE_METHOD_MATCH = YES;
				COPY_PHASE_STRIP = NO;
				DEBUG_INFORMATION_FORMAT = dwarf;
				ENABLE_STRICT_OBJC_MSGSEND = YES;
				ENABLE_TESTABILITY = YES;
				ENABLE_USER_SCRIPT_SANDBOXING = YES;
				GCC_C_LANGUAGE_STANDARD = gnu17;
				GCC_DYNAMIC_NO_PIC = NO;
				GCC_NO_COMMON_BLOCKS = YES;
				GCC_OPTIMIZATION_LEVEL = 0;
				GCC_PREPROCESSOR_DEFINITIONS = (
					"DEBUG=1",
					"$(inherited)",
				);
				GCC_WARN_64_TO_32_BIT_CONVERSION = YES;
				GCC_WARN_ABOUT_RETURN_TYPE = YES_ERROR;
				GCC_WARN_UNDECLARED_SELECTOR = YES;
				GCC_WARN_UNINITIALIZED_AUTOS = YES_AGGRESSIVE;
				GCC_WARN_UNUSED_FUNCTION = YES;
				GCC_WARN_UNUSED_VARIABLE = YES;
				IPHONEOS_DEPLOYMENT_TARGET = 17.2;
				LOCALIZATION_PREFERS_STRING_CATALOGS = YES;
				MTL_ENABLE_DEBUG_INFO = INCLUDE_SOURCE;
				MTL_FAST_MATH = YES;
				ONLY_ACTIVE_ARCH = YES;
				SDKROOT = iphoneos;
				SWIFT_ACTIVE_COMPILATION_CONDITIONS = "DEBUG $(inherited)";
				SWIFT_OPTIMIZATION_LEVEL = "-Onone";
			};
			name = Debug;
		};
		3F6BB0A92CB657EF004C7582 /* Release */ = {
			isa = XCBuildConfiguration;
			buildSettings = {
				ALWAYS_SEARCH_USER_PATHS = NO;
				ASSETCATALOG_COMPILER_GENERATE_SWIFT_ASSET_SYMBOL_EXTENSIONS = YES;
				CLANG_ANALYZER_NONNULL = YES;
				CLANG_ANALYZER_NUMBER_OBJECT_CONVERSION = YES_AGGRESSIVE;
				CLANG_CXX_LANGUAGE_STANDARD = "gnu++20";
				CLANG_ENABLE_MODULES = YES;
				CLANG_ENABLE_OBJC_ARC = YES;
				CLANG_ENABLE_OBJC_WEAK = YES;
				CLANG_WARN_BLOCK_CAPTURE_AUTORELEASING = YES;
				CLANG_WARN_BOOL_CONVERSION = YES;
				CLANG_WARN_COMMA = YES;
				CLANG_WARN_CONSTANT_CONVERSION = YES;
				CLANG_WARN_DEPRECATED_OBJC_IMPLEMENTATIONS = YES;
				CLANG_WARN_DIRECT_OBJC_ISA_USAGE = YES_ERROR;
				CLANG_WARN_DOCUMENTATION_COMMENTS = YES;
				CLANG_WARN_EMPTY_BODY = YES;
				CLANG_WARN_ENUM_CONVERSION = YES;
				CLANG_WARN_INFINITE_RECURSION = YES;
				CLANG_WARN_INT_CONVERSION = YES;
				CLANG_WARN_NON_LITERAL_NULL_CONVERSION = YES;
				CLANG_WARN_OBJC_IMPLICIT_RETAIN_SELF = YES;
				CLANG_WARN_OBJC_LITERAL_CONVERSION = YES;
				CLANG_WARN_OBJC_ROOT_CLASS = YES_ERROR;
				CLANG_WARN_QUOTED_INCLUDE_IN_FRAMEWORK_HEADER = YES;
				CLANG_WARN_RANGE_LOOP_ANALYSIS = YES;
				CLANG_WARN_STRICT_PROTOTYPES = YES;
				CLANG_WARN_SUSPICIOUS_MOVE = YES;
				CLANG_WARN_UNGUARDED_AVAILABILITY = YES_AGGRESSIVE;
				CLANG_WARN_UNREACHABLE_CODE = YES;
				CLANG_WARN__DUPLICATE_METHOD_MATCH = YES;
				COPY_PHASE_STRIP = NO;
				DEBUG_INFORMATION_FORMAT = "dwarf-with-dsym";
				ENABLE_NS_ASSERTIONS = NO;
				ENABLE_STRICT_OBJC_MSGSEND = YES;
				ENABLE_USER_SCRIPT_SANDBOXING = YES;
				GCC_C_LANGUAGE_STANDARD = gnu17;
				GCC_NO_COMMON_BLOCKS = YES;
				GCC_WARN_64_TO_32_BIT_CONVERSION = YES;
				GCC_WARN_ABOUT_RETURN_TYPE = YES_ERROR;
				GCC_WARN_UNDECLARED_SELECTOR = YES;
				GCC_WARN_UNINITIALIZED_AUTOS = YES_AGGRESSIVE;
				GCC_WARN_UNUSED_FUNCTION = YES;
				GCC_WARN_UNUSED_VARIABLE = YES;
				IPHONEOS_DEPLOYMENT_TARGET = 17.2;
				LOCALIZATION_PREFERS_STRING_CATALOGS = YES;
				MTL_ENABLE_DEBUG_INFO = NO;
				MTL_FAST_MATH = YES;
				SDKROOT = iphoneos;
				SWIFT_COMPILATION_MODE = wholemodule;
				VALIDATE_PRODUCT = YES;
			};
			name = Release;
		};
		3F6BB0AB2CB657EF004C7582 /* Debug */ = {
			isa = XCBuildConfiguration;
			buildSettings = {
				ALWAYS_EMBED_SWIFT_STANDARD_LIBRARIES = YES;
				ASSETCATALOG_COMPILER_APPICON_NAME = AppIcon;
				ASSETCATALOG_COMPILER_GLOBAL_ACCENT_COLOR_NAME = AccentColor;
				CODE_SIGN_ENTITLEMENTS = UltimatePortfolioMe/UltimatePortfolioMe.entitlements;
				CODE_SIGN_STYLE = Automatic;
				CURRENT_PROJECT_VERSION = 1;
				DEVELOPMENT_ASSET_PATHS = "\"UltimatePortfolioMe/Preview Content\"";
				DEVELOPMENT_TEAM = J2MPB2SU84;
				ENABLE_PREVIEWS = YES;
				GENERATE_INFOPLIST_FILE = YES;
				INFOPLIST_FILE = UltimatePortfolioMe/Info.plist;
				INFOPLIST_KEY_UIApplicationSceneManifest_Generation = YES;
				INFOPLIST_KEY_UIApplicationSupportsIndirectInputEvents = YES;
				INFOPLIST_KEY_UILaunchScreen_Generation = YES;
				INFOPLIST_KEY_UISupportedInterfaceOrientations_iPad = "UIInterfaceOrientationPortrait UIInterfaceOrientationPortraitUpsideDown UIInterfaceOrientationLandscapeLeft UIInterfaceOrientationLandscapeRight";
				INFOPLIST_KEY_UISupportedInterfaceOrientations_iPhone = "UIInterfaceOrientationPortrait UIInterfaceOrientationLandscapeLeft UIInterfaceOrientationLandscapeRight";
				LD_RUNPATH_SEARCH_PATHS = (
					"$(inherited)",
					"@executable_path/Frameworks",
				);
				MACOSX_DEPLOYMENT_TARGET = 13.1;
				MARKETING_VERSION = 1.0;
				PRODUCT_BUNDLE_IDENTIFIER = com.bjwuxiaojun.UltimatePortfolioMe;
				PRODUCT_NAME = "$(TARGET_NAME)";
				SUPPORTED_PLATFORMS = "iphoneos iphonesimulator macosx";
				SUPPORTS_MACCATALYST = NO;
				SWIFT_EMIT_LOC_STRINGS = YES;
				SWIFT_VERSION = 5.0;
				TARGETED_DEVICE_FAMILY = "1,2";
			};
			name = Debug;
		};
		3F6BB0AC2CB657EF004C7582 /* Release */ = {
			isa = XCBuildConfiguration;
			buildSettings = {
				ALWAYS_EMBED_SWIFT_STANDARD_LIBRARIES = YES;
				ASSETCATALOG_COMPILER_APPICON_NAME = AppIcon;
				ASSETCATALOG_COMPILER_GLOBAL_ACCENT_COLOR_NAME = AccentColor;
				CODE_SIGN_ENTITLEMENTS = UltimatePortfolioMe/UltimatePortfolioMe.entitlements;
				CODE_SIGN_STYLE = Automatic;
				CURRENT_PROJECT_VERSION = 1;
				DEVELOPMENT_ASSET_PATHS = "\"UltimatePortfolioMe/Preview Content\"";
				DEVELOPMENT_TEAM = J2MPB2SU84;
				ENABLE_PREVIEWS = YES;
				GENERATE_INFOPLIST_FILE = YES;
				INFOPLIST_FILE = UltimatePortfolioMe/Info.plist;
				INFOPLIST_KEY_UIApplicationSceneManifest_Generation = YES;
				INFOPLIST_KEY_UIApplicationSupportsIndirectInputEvents = YES;
				INFOPLIST_KEY_UILaunchScreen_Generation = YES;
				INFOPLIST_KEY_UISupportedInterfaceOrientations_iPad = "UIInterfaceOrientationPortrait UIInterfaceOrientationPortraitUpsideDown UIInterfaceOrientationLandscapeLeft UIInterfaceOrientationLandscapeRight";
				INFOPLIST_KEY_UISupportedInterfaceOrientations_iPhone = "UIInterfaceOrientationPortrait UIInterfaceOrientationLandscapeLeft UIInterfaceOrientationLandscapeRight";
				LD_RUNPATH_SEARCH_PATHS = (
					"$(inherited)",
					"@executable_path/Frameworks",
				);
				MACOSX_DEPLOYMENT_TARGET = 13.1;
				MARKETING_VERSION = 1.0;
				PRODUCT_BUNDLE_IDENTIFIER = com.bjwuxiaojun.UltimatePortfolioMe;
				PRODUCT_NAME = "$(TARGET_NAME)";
				SUPPORTED_PLATFORMS = "iphoneos iphonesimulator macosx";
				SUPPORTS_MACCATALYST = NO;
				SWIFT_EMIT_LOC_STRINGS = YES;
				SWIFT_VERSION = 5.0;
				TARGETED_DEVICE_FAMILY = "1,2";
			};
			name = Release;
		};
		3FFC3BB52CEAF57B006B6D33 /* Debug */ = {
			isa = XCBuildConfiguration;
			buildSettings = {
				ASSETCATALOG_COMPILER_GLOBAL_ACCENT_COLOR_NAME = AccentColor;
				ASSETCATALOG_COMPILER_WIDGET_BACKGROUND_COLOR_NAME = WidgetBackground;
				CODE_SIGN_ENTITLEMENTS = PortfolioWidgetExtension.entitlements;
				CODE_SIGN_STYLE = Automatic;
				CURRENT_PROJECT_VERSION = 1;
				DEVELOPMENT_TEAM = J2MPB2SU84;
				GENERATE_INFOPLIST_FILE = YES;
				INFOPLIST_FILE = PortfolioWidget/Info.plist;
				INFOPLIST_KEY_CFBundleDisplayName = PortfolioWidget;
				INFOPLIST_KEY_NSHumanReadableCopyright = "";
				LD_RUNPATH_SEARCH_PATHS = (
					"$(inherited)",
					"@executable_path/Frameworks",
					"@executable_path/../../Frameworks",
				);
				MARKETING_VERSION = 1.0;
				PRODUCT_BUNDLE_IDENTIFIER = com.bjwuxiaojun.UltimatePortfolioMe.PortfolioWidget;
				PRODUCT_NAME = "$(TARGET_NAME)";
				SKIP_INSTALL = YES;
				SWIFT_EMIT_LOC_STRINGS = YES;
				SWIFT_VERSION = 5.0;
				TARGETED_DEVICE_FAMILY = "1,2";
			};
			name = Debug;
		};
		3FFC3BB62CEAF57B006B6D33 /* Release */ = {
			isa = XCBuildConfiguration;
			buildSettings = {
				ASSETCATALOG_COMPILER_GLOBAL_ACCENT_COLOR_NAME = AccentColor;
				ASSETCATALOG_COMPILER_WIDGET_BACKGROUND_COLOR_NAME = WidgetBackground;
				CODE_SIGN_ENTITLEMENTS = PortfolioWidgetExtension.entitlements;
				CODE_SIGN_STYLE = Automatic;
				CURRENT_PROJECT_VERSION = 1;
				DEVELOPMENT_TEAM = J2MPB2SU84;
				GENERATE_INFOPLIST_FILE = YES;
				INFOPLIST_FILE = PortfolioWidget/Info.plist;
				INFOPLIST_KEY_CFBundleDisplayName = PortfolioWidget;
				INFOPLIST_KEY_NSHumanReadableCopyright = "";
				LD_RUNPATH_SEARCH_PATHS = (
					"$(inherited)",
					"@executable_path/Frameworks",
					"@executable_path/../../Frameworks",
				);
				MARKETING_VERSION = 1.0;
				PRODUCT_BUNDLE_IDENTIFIER = com.bjwuxiaojun.UltimatePortfolioMe.PortfolioWidget;
				PRODUCT_NAME = "$(TARGET_NAME)";
				SKIP_INSTALL = YES;
				SWIFT_EMIT_LOC_STRINGS = YES;
				SWIFT_VERSION = 5.0;
				TARGETED_DEVICE_FAMILY = "1,2";
			};
			name = Release;
		};
/* End XCBuildConfiguration section */

/* Begin XCConfigurationList section */
		3F0E77062CD25DF500438766 /* Build configuration list for PBXNativeTarget "UltimatePortfolioUITests" */ = {
			isa = XCConfigurationList;
			buildConfigurations = (
				3F0E77042CD25DF500438766 /* Debug */,
				3F0E77052CD25DF500438766 /* Release */,
			);
			defaultConfigurationIsVisible = 0;
			defaultConfigurationName = Release;
		};
		3F4EDC422CD1DBE0006B5BF6 /* Build configuration list for PBXNativeTarget "UltimatePortfolioMeTests" */ = {
			isa = XCConfigurationList;
			buildConfigurations = (
				3F4EDC402CD1DBE0006B5BF6 /* Debug */,
				3F4EDC412CD1DBE0006B5BF6 /* Release */,
			);
			defaultConfigurationIsVisible = 0;
			defaultConfigurationName = Release;
		};
		3F6BB0972CB657ED004C7582 /* Build configuration list for PBXProject "UltimatePortfolioMe" */ = {
			isa = XCConfigurationList;
			buildConfigurations = (
				3F6BB0A82CB657EF004C7582 /* Debug */,
				3F6BB0A92CB657EF004C7582 /* Release */,
			);
			defaultConfigurationIsVisible = 0;
			defaultConfigurationName = Release;
		};
		3F6BB0AA2CB657EF004C7582 /* Build configuration list for PBXNativeTarget "UltimatePortfolioMe" */ = {
			isa = XCConfigurationList;
			buildConfigurations = (
				3F6BB0AB2CB657EF004C7582 /* Debug */,
				3F6BB0AC2CB657EF004C7582 /* Release */,
			);
			defaultConfigurationIsVisible = 0;
			defaultConfigurationName = Release;
		};
		3FFC3BB72CEAF57B006B6D33 /* Build configuration list for PBXNativeTarget "PortfolioWidgetExtension" */ = {
			isa = XCConfigurationList;
			buildConfigurations = (
				3FFC3BB52CEAF57B006B6D33 /* Debug */,
				3FFC3BB62CEAF57B006B6D33 /* Release */,
			);
			defaultConfigurationIsVisible = 0;
			defaultConfigurationName = Release;
		};
/* End XCConfigurationList section */

/* Begin XCVersionGroup section */
		3F6BB0AD2CB65A0B004C7582 /* Main.xcdatamodeld */ = {
			isa = XCVersionGroup;
			children = (
				3F6BB0AE2CB65A0B004C7582 /* Main.xcdatamodel */,
			);
			currentVersion = 3F6BB0AE2CB65A0B004C7582 /* Main.xcdatamodel */;
			path = Main.xcdatamodeld;
			sourceTree = "<group>";
			versionGroupType = wrapper.xcdatamodel;
		};
/* End XCVersionGroup section */
	};
	rootObject = 3F6BB0942CB657ED004C7582 /* Project object */;
}
